// !$*UTF8*$!
{
	archiveVersion = 1;
	classes = {
	};
	objectVersion = 55;
	objects = {

/* Begin PBXBuildFile section */
		A0128A46284A0A32000C2307 /* data-env-example.json in Resources */ = {isa = PBXBuildFile; fileRef = A0128A45284A0A32000C2307 /* data-env-example.json */; };
		A0128A4D284A1297000C2307 /* Settings.swift in Sources */ = {isa = PBXBuildFile; fileRef = A0128A4C284A1297000C2307 /* Settings.swift */; };
		A0128A4E284A1297000C2307 /* Settings.swift in Sources */ = {isa = PBXBuildFile; fileRef = A0128A4C284A1297000C2307 /* Settings.swift */; };
		A0128A4F284A1297000C2307 /* Settings.swift in Sources */ = {isa = PBXBuildFile; fileRef = A0128A4C284A1297000C2307 /* Settings.swift */; };
		A0128A51284A150C000C2307 /* OnboardingView.swift in Sources */ = {isa = PBXBuildFile; fileRef = A0128A50284A150C000C2307 /* OnboardingView.swift */; };
		A0128A52284A150C000C2307 /* OnboardingView.swift in Sources */ = {isa = PBXBuildFile; fileRef = A0128A50284A150C000C2307 /* OnboardingView.swift */; };
		A0128A55284A19C5000C2307 /* OnboardingPage1View.swift in Sources */ = {isa = PBXBuildFile; fileRef = A0128A54284A19C5000C2307 /* OnboardingPage1View.swift */; };
		A0128A56284A19C5000C2307 /* OnboardingPage1View.swift in Sources */ = {isa = PBXBuildFile; fileRef = A0128A54284A19C5000C2307 /* OnboardingPage1View.swift */; };
		A0128A58284A1A12000C2307 /* OnboardingPage2View.swift in Sources */ = {isa = PBXBuildFile; fileRef = A0128A57284A1A12000C2307 /* OnboardingPage2View.swift */; };
		A0128A59284A1A12000C2307 /* OnboardingPage2View.swift in Sources */ = {isa = PBXBuildFile; fileRef = A0128A57284A1A12000C2307 /* OnboardingPage2View.swift */; };
		A0128A5B284A1A1D000C2307 /* OnboardingPage3View.swift in Sources */ = {isa = PBXBuildFile; fileRef = A0128A5A284A1A1D000C2307 /* OnboardingPage3View.swift */; };
		A0128A5C284A1A1D000C2307 /* OnboardingPage3View.swift in Sources */ = {isa = PBXBuildFile; fileRef = A0128A5A284A1A1D000C2307 /* OnboardingPage3View.swift */; };
		A0128A5E284A1A28000C2307 /* OnboardingPage4View.swift in Sources */ = {isa = PBXBuildFile; fileRef = A0128A5D284A1A28000C2307 /* OnboardingPage4View.swift */; };
		A0128A5F284A1A28000C2307 /* OnboardingPage4View.swift in Sources */ = {isa = PBXBuildFile; fileRef = A0128A5D284A1A28000C2307 /* OnboardingPage4View.swift */; };
		A0128A62284A3BCC000C2307 /* UI.swift in Sources */ = {isa = PBXBuildFile; fileRef = A0128A61284A3BCC000C2307 /* UI.swift */; };
		A0128A63284A3BCC000C2307 /* UI.swift in Sources */ = {isa = PBXBuildFile; fileRef = A0128A61284A3BCC000C2307 /* UI.swift */; };
		A0128A67284A47AD000C2307 /* Localizable.strings in Resources */ = {isa = PBXBuildFile; fileRef = A0128A6A284A47AD000C2307 /* Localizable.strings */; };
		A0128A68284A47AD000C2307 /* Localizable.strings in Resources */ = {isa = PBXBuildFile; fileRef = A0128A6A284A47AD000C2307 /* Localizable.strings */; };
		A0128A6D284A4EAE000C2307 /* Color.swift in Sources */ = {isa = PBXBuildFile; fileRef = A0128A6C284A4EAE000C2307 /* Color.swift */; };
		A0128A6E284A4EAE000C2307 /* Color.swift in Sources */ = {isa = PBXBuildFile; fileRef = A0128A6C284A4EAE000C2307 /* Color.swift */; };
		A0A1DC54284B8DD200914237 /* UI+Dimension.swift in Sources */ = {isa = PBXBuildFile; fileRef = A0A1DC53284B8DD200914237 /* UI+Dimension.swift */; };
		A0A1DC55284B8DD200914237 /* UI+Dimension.swift in Sources */ = {isa = PBXBuildFile; fileRef = A0A1DC53284B8DD200914237 /* UI+Dimension.swift */; };
		A0A1DC57284B8E0000914237 /* UI+Font.swift in Sources */ = {isa = PBXBuildFile; fileRef = A0A1DC56284B8E0000914237 /* UI+Font.swift */; };
		A0A1DC58284B8E0000914237 /* UI+Font.swift in Sources */ = {isa = PBXBuildFile; fileRef = A0A1DC56284B8E0000914237 /* UI+Font.swift */; };
		A0A1DC5B284B8E2B00914237 /* UI+Image.swift in Sources */ = {isa = PBXBuildFile; fileRef = A0A1DC5A284B8E2B00914237 /* UI+Image.swift */; };
		A0A1DC5C284B8E2B00914237 /* UI+Image.swift in Sources */ = {isa = PBXBuildFile; fileRef = A0A1DC5A284B8E2B00914237 /* UI+Image.swift */; };
		A0A1DC5E284B8E5300914237 /* UI+Color.swift in Sources */ = {isa = PBXBuildFile; fileRef = A0A1DC5D284B8E5300914237 /* UI+Color.swift */; };
		A0A1DC5F284B8E5300914237 /* UI+Color.swift in Sources */ = {isa = PBXBuildFile; fileRef = A0A1DC5D284B8E5300914237 /* UI+Color.swift */; };
		A0A1DC61284B990B00914237 /* BgMorphView.swift in Sources */ = {isa = PBXBuildFile; fileRef = A0A1DC60284B990B00914237 /* BgMorphView.swift */; };
		A0A1DC62284B990B00914237 /* BgMorphView.swift in Sources */ = {isa = PBXBuildFile; fileRef = A0A1DC60284B990B00914237 /* BgMorphView.swift */; };
		A0BF90952848C1EB0053389A /* SubVTApp.swift in Sources */ = {isa = PBXBuildFile; fileRef = A0BF90942848C1EB0053389A /* SubVTApp.swift */; };
		A0BF90972848C1EB0053389A /* ContentView.swift in Sources */ = {isa = PBXBuildFile; fileRef = A0BF90962848C1EB0053389A /* ContentView.swift */; };
		A0BF90992848C1EC0053389A /* Assets.xcassets in Resources */ = {isa = PBXBuildFile; fileRef = A0BF90982848C1EC0053389A /* Assets.xcassets */; };
		A0BF909C2848C1EC0053389A /* Preview Assets.xcassets in Resources */ = {isa = PBXBuildFile; fileRef = A0BF909B2848C1EC0053389A /* Preview Assets.xcassets */; };
		A0BF909E2848C1EC0053389A /* Persistence.swift in Sources */ = {isa = PBXBuildFile; fileRef = A0BF909D2848C1EC0053389A /* Persistence.swift */; };
		A0BF90A12848C1EC0053389A /* SubVT.xcdatamodeld in Sources */ = {isa = PBXBuildFile; fileRef = A0BF909F2848C1EC0053389A /* SubVT.xcdatamodeld */; };
		A0BF90AB2848C1EC0053389A /* SubVTTests.swift in Sources */ = {isa = PBXBuildFile; fileRef = A0BF90AA2848C1EC0053389A /* SubVTTests.swift */; };
		A0BF90B52848C1EC0053389A /* SubVTUITests.swift in Sources */ = {isa = PBXBuildFile; fileRef = A0BF90B42848C1EC0053389A /* SubVTUITests.swift */; };
		A0BF90B72848C1EC0053389A /* SubVTUITestsLaunchTests.swift in Sources */ = {isa = PBXBuildFile; fileRef = A0BF90B62848C1EC0053389A /* SubVTUITestsLaunchTests.swift */; };
		A0E0F6712848CD1C0029DDBF /* LexendDeca-SemiBold.ttf in Resources */ = {isa = PBXBuildFile; fileRef = A0E0F6682848CD1C0029DDBF /* LexendDeca-SemiBold.ttf */; };
		A0E0F6722848CD1C0029DDBF /* LexendDeca-SemiBold.ttf in Resources */ = {isa = PBXBuildFile; fileRef = A0E0F6682848CD1C0029DDBF /* LexendDeca-SemiBold.ttf */; };
		A0E0F6732848CD1C0029DDBF /* LexendDeca-Light.ttf in Resources */ = {isa = PBXBuildFile; fileRef = A0E0F6692848CD1C0029DDBF /* LexendDeca-Light.ttf */; };
		A0E0F6742848CD1C0029DDBF /* LexendDeca-Light.ttf in Resources */ = {isa = PBXBuildFile; fileRef = A0E0F6692848CD1C0029DDBF /* LexendDeca-Light.ttf */; };
		A0E0F6752848CD1C0029DDBF /* LexendDeca-Regular.ttf in Resources */ = {isa = PBXBuildFile; fileRef = A0E0F66A2848CD1C0029DDBF /* LexendDeca-Regular.ttf */; };
		A0E0F6762848CD1C0029DDBF /* LexendDeca-Regular.ttf in Resources */ = {isa = PBXBuildFile; fileRef = A0E0F66A2848CD1C0029DDBF /* LexendDeca-Regular.ttf */; };
		A0E0F6772848CD1C0029DDBF /* LexendDeca-Bold.ttf in Resources */ = {isa = PBXBuildFile; fileRef = A0E0F66B2848CD1C0029DDBF /* LexendDeca-Bold.ttf */; };
		A0E0F6782848CD1C0029DDBF /* LexendDeca-Bold.ttf in Resources */ = {isa = PBXBuildFile; fileRef = A0E0F66B2848CD1C0029DDBF /* LexendDeca-Bold.ttf */; };
		A0E0F6792848CD1C0029DDBF /* LexendDeca-Medium.ttf in Resources */ = {isa = PBXBuildFile; fileRef = A0E0F66C2848CD1C0029DDBF /* LexendDeca-Medium.ttf */; };
		A0E0F67A2848CD1C0029DDBF /* LexendDeca-Medium.ttf in Resources */ = {isa = PBXBuildFile; fileRef = A0E0F66C2848CD1C0029DDBF /* LexendDeca-Medium.ttf */; };
		A0E0F67B2848CD1C0029DDBF /* LexendDeca-Black.ttf in Resources */ = {isa = PBXBuildFile; fileRef = A0E0F66D2848CD1C0029DDBF /* LexendDeca-Black.ttf */; };
		A0E0F67C2848CD1C0029DDBF /* LexendDeca-Black.ttf in Resources */ = {isa = PBXBuildFile; fileRef = A0E0F66D2848CD1C0029DDBF /* LexendDeca-Black.ttf */; };
		A0E0F67D2848CD1C0029DDBF /* LexendDeca-ExtraBold.ttf in Resources */ = {isa = PBXBuildFile; fileRef = A0E0F66E2848CD1C0029DDBF /* LexendDeca-ExtraBold.ttf */; };
		A0E0F67E2848CD1C0029DDBF /* LexendDeca-ExtraBold.ttf in Resources */ = {isa = PBXBuildFile; fileRef = A0E0F66E2848CD1C0029DDBF /* LexendDeca-ExtraBold.ttf */; };
		A0E0F67F2848CD1C0029DDBF /* LexendDeca-Thin.ttf in Resources */ = {isa = PBXBuildFile; fileRef = A0E0F66F2848CD1C0029DDBF /* LexendDeca-Thin.ttf */; };
		A0E0F6802848CD1C0029DDBF /* LexendDeca-Thin.ttf in Resources */ = {isa = PBXBuildFile; fileRef = A0E0F66F2848CD1C0029DDBF /* LexendDeca-Thin.ttf */; };
		A0E0F6812848CD1C0029DDBF /* LexendDeca-ExtraLight.ttf in Resources */ = {isa = PBXBuildFile; fileRef = A0E0F6702848CD1C0029DDBF /* LexendDeca-ExtraLight.ttf */; };
		A0E0F6822848CD1C0029DDBF /* LexendDeca-ExtraLight.ttf in Resources */ = {isa = PBXBuildFile; fileRef = A0E0F6702848CD1C0029DDBF /* LexendDeca-ExtraLight.ttf */; };
		A0E0F6872848CF120029DDBF /* Font.swift in Sources */ = {isa = PBXBuildFile; fileRef = A0E0F6862848CF120029DDBF /* Font.swift */; };
		A0E0F6882848CF120029DDBF /* Font.swift in Sources */ = {isa = PBXBuildFile; fileRef = A0E0F6862848CF120029DDBF /* Font.swift */; };
		A0E0F68B2848D2B40029DDBF /* SubVTData in Frameworks */ = {isa = PBXBuildFile; productRef = A0E0F68A2848D2B40029DDBF /* SubVTData */; };
		A0E0F68D2848E8B60029DDBF /* data-env.json in Resources */ = {isa = PBXBuildFile; fileRef = A0E0F68C2848E8B60029DDBF /* data-env.json */; };
		A0E0F68E2848E8B60029DDBF /* data-env.json in Resources */ = {isa = PBXBuildFile; fileRef = A0E0F68C2848E8B60029DDBF /* data-env.json */; };
		A0E0F68F2848E8B60029DDBF /* data-env.json in Resources */ = {isa = PBXBuildFile; fileRef = A0E0F68C2848E8B60029DDBF /* data-env.json */; };
/* End PBXBuildFile section */

/* Begin PBXContainerItemProxy section */
		A0BF90A72848C1EC0053389A /* PBXContainerItemProxy */ = {
			isa = PBXContainerItemProxy;
			containerPortal = A0BF90892848C1EB0053389A /* Project object */;
			proxyType = 1;
			remoteGlobalIDString = A0BF90902848C1EB0053389A;
			remoteInfo = SubVT;
		};
		A0BF90B12848C1EC0053389A /* PBXContainerItemProxy */ = {
			isa = PBXContainerItemProxy;
			containerPortal = A0BF90892848C1EB0053389A /* Project object */;
			proxyType = 1;
			remoteGlobalIDString = A0BF90902848C1EB0053389A;
			remoteInfo = SubVT;
		};
/* End PBXContainerItemProxy section */

/* Begin PBXFileReference section */
		A0128A45284A0A32000C2307 /* data-env-example.json */ = {isa = PBXFileReference; lastKnownFileType = text.json; path = "data-env-example.json"; sourceTree = "<group>"; };
		A0128A4C284A1297000C2307 /* Settings.swift */ = {isa = PBXFileReference; lastKnownFileType = sourcecode.swift; path = Settings.swift; sourceTree = "<group>"; };
		A0128A50284A150C000C2307 /* OnboardingView.swift */ = {isa = PBXFileReference; lastKnownFileType = sourcecode.swift; path = OnboardingView.swift; sourceTree = "<group>"; };
		A0128A54284A19C5000C2307 /* OnboardingPage1View.swift */ = {isa = PBXFileReference; lastKnownFileType = sourcecode.swift; path = OnboardingPage1View.swift; sourceTree = "<group>"; };
		A0128A57284A1A12000C2307 /* OnboardingPage2View.swift */ = {isa = PBXFileReference; lastKnownFileType = sourcecode.swift; path = OnboardingPage2View.swift; sourceTree = "<group>"; };
		A0128A5A284A1A1D000C2307 /* OnboardingPage3View.swift */ = {isa = PBXFileReference; lastKnownFileType = sourcecode.swift; path = OnboardingPage3View.swift; sourceTree = "<group>"; };
		A0128A5D284A1A28000C2307 /* OnboardingPage4View.swift */ = {isa = PBXFileReference; lastKnownFileType = sourcecode.swift; path = OnboardingPage4View.swift; sourceTree = "<group>"; };
		A0128A61284A3BCC000C2307 /* UI.swift */ = {isa = PBXFileReference; lastKnownFileType = sourcecode.swift; path = UI.swift; sourceTree = "<group>"; };
		A0128A69284A47AD000C2307 /* en */ = {isa = PBXFileReference; lastKnownFileType = text.plist.strings; name = en; path = en.lproj/Localizable.strings; sourceTree = "<group>"; };
		A0128A6C284A4EAE000C2307 /* Color.swift */ = {isa = PBXFileReference; lastKnownFileType = sourcecode.swift; path = Color.swift; sourceTree = "<group>"; };
		A0A1DC53284B8DD200914237 /* UI+Dimension.swift */ = {isa = PBXFileReference; lastKnownFileType = sourcecode.swift; path = "UI+Dimension.swift"; sourceTree = "<group>"; };
		A0A1DC56284B8E0000914237 /* UI+Font.swift */ = {isa = PBXFileReference; lastKnownFileType = sourcecode.swift; path = "UI+Font.swift"; sourceTree = "<group>"; };
		A0A1DC5A284B8E2B00914237 /* UI+Image.swift */ = {isa = PBXFileReference; lastKnownFileType = sourcecode.swift; path = "UI+Image.swift"; sourceTree = "<group>"; };
		A0A1DC5D284B8E5300914237 /* UI+Color.swift */ = {isa = PBXFileReference; lastKnownFileType = sourcecode.swift; path = "UI+Color.swift"; sourceTree = "<group>"; };
		A0A1DC60284B990B00914237 /* BgMorphView.swift */ = {isa = PBXFileReference; lastKnownFileType = sourcecode.swift; path = BgMorphView.swift; sourceTree = "<group>"; };
		A0BF90912848C1EB0053389A /* SubVT.app */ = {isa = PBXFileReference; explicitFileType = wrapper.application; includeInIndex = 0; path = SubVT.app; sourceTree = BUILT_PRODUCTS_DIR; };
		A0BF90942848C1EB0053389A /* SubVTApp.swift */ = {isa = PBXFileReference; lastKnownFileType = sourcecode.swift; path = SubVTApp.swift; sourceTree = "<group>"; };
		A0BF90962848C1EB0053389A /* ContentView.swift */ = {isa = PBXFileReference; lastKnownFileType = sourcecode.swift; path = ContentView.swift; sourceTree = "<group>"; };
		A0BF90982848C1EC0053389A /* Assets.xcassets */ = {isa = PBXFileReference; lastKnownFileType = folder.assetcatalog; path = Assets.xcassets; sourceTree = "<group>"; };
		A0BF909B2848C1EC0053389A /* Preview Assets.xcassets */ = {isa = PBXFileReference; lastKnownFileType = folder.assetcatalog; path = "Preview Assets.xcassets"; sourceTree = "<group>"; };
		A0BF909D2848C1EC0053389A /* Persistence.swift */ = {isa = PBXFileReference; lastKnownFileType = sourcecode.swift; path = Persistence.swift; sourceTree = "<group>"; };
		A0BF90A02848C1EC0053389A /* SubVT.xcdatamodel */ = {isa = PBXFileReference; lastKnownFileType = wrapper.xcdatamodel; path = SubVT.xcdatamodel; sourceTree = "<group>"; };
		A0BF90A62848C1EC0053389A /* SubVTTests.xctest */ = {isa = PBXFileReference; explicitFileType = wrapper.cfbundle; includeInIndex = 0; path = SubVTTests.xctest; sourceTree = BUILT_PRODUCTS_DIR; };
		A0BF90AA2848C1EC0053389A /* SubVTTests.swift */ = {isa = PBXFileReference; lastKnownFileType = sourcecode.swift; path = SubVTTests.swift; sourceTree = "<group>"; };
		A0BF90B02848C1EC0053389A /* SubVTUITests.xctest */ = {isa = PBXFileReference; explicitFileType = wrapper.cfbundle; includeInIndex = 0; path = SubVTUITests.xctest; sourceTree = BUILT_PRODUCTS_DIR; };
		A0BF90B42848C1EC0053389A /* SubVTUITests.swift */ = {isa = PBXFileReference; lastKnownFileType = sourcecode.swift; path = SubVTUITests.swift; sourceTree = "<group>"; };
		A0BF90B62848C1EC0053389A /* SubVTUITestsLaunchTests.swift */ = {isa = PBXFileReference; lastKnownFileType = sourcecode.swift; path = SubVTUITestsLaunchTests.swift; sourceTree = "<group>"; };
		A0BF90C32848C2140053389A /* SubVT.entitlements */ = {isa = PBXFileReference; lastKnownFileType = text.plist.entitlements; path = SubVT.entitlements; sourceTree = "<group>"; };
		A0E0F6682848CD1C0029DDBF /* LexendDeca-SemiBold.ttf */ = {isa = PBXFileReference; lastKnownFileType = file; path = "LexendDeca-SemiBold.ttf"; sourceTree = "<group>"; };
		A0E0F6692848CD1C0029DDBF /* LexendDeca-Light.ttf */ = {isa = PBXFileReference; lastKnownFileType = file; path = "LexendDeca-Light.ttf"; sourceTree = "<group>"; };
		A0E0F66A2848CD1C0029DDBF /* LexendDeca-Regular.ttf */ = {isa = PBXFileReference; lastKnownFileType = file; path = "LexendDeca-Regular.ttf"; sourceTree = "<group>"; };
		A0E0F66B2848CD1C0029DDBF /* LexendDeca-Bold.ttf */ = {isa = PBXFileReference; lastKnownFileType = file; path = "LexendDeca-Bold.ttf"; sourceTree = "<group>"; };
		A0E0F66C2848CD1C0029DDBF /* LexendDeca-Medium.ttf */ = {isa = PBXFileReference; lastKnownFileType = file; path = "LexendDeca-Medium.ttf"; sourceTree = "<group>"; };
		A0E0F66D2848CD1C0029DDBF /* LexendDeca-Black.ttf */ = {isa = PBXFileReference; lastKnownFileType = file; path = "LexendDeca-Black.ttf"; sourceTree = "<group>"; };
		A0E0F66E2848CD1C0029DDBF /* LexendDeca-ExtraBold.ttf */ = {isa = PBXFileReference; lastKnownFileType = file; path = "LexendDeca-ExtraBold.ttf"; sourceTree = "<group>"; };
		A0E0F66F2848CD1C0029DDBF /* LexendDeca-Thin.ttf */ = {isa = PBXFileReference; lastKnownFileType = file; path = "LexendDeca-Thin.ttf"; sourceTree = "<group>"; };
		A0E0F6702848CD1C0029DDBF /* LexendDeca-ExtraLight.ttf */ = {isa = PBXFileReference; lastKnownFileType = file; path = "LexendDeca-ExtraLight.ttf"; sourceTree = "<group>"; };
		A0E0F6832848CD9B0029DDBF /* Info.plist */ = {isa = PBXFileReference; lastKnownFileType = text.plist.xml; path = Info.plist; sourceTree = "<group>"; };
		A0E0F6862848CF120029DDBF /* Font.swift */ = {isa = PBXFileReference; lastKnownFileType = sourcecode.swift; path = Font.swift; sourceTree = "<group>"; };
		A0E0F68C2848E8B60029DDBF /* data-env.json */ = {isa = PBXFileReference; lastKnownFileType = text.json; path = "data-env.json"; sourceTree = "<group>"; };
/* End PBXFileReference section */

/* Begin PBXFrameworksBuildPhase section */
		A0BF908E2848C1EB0053389A /* Frameworks */ = {
			isa = PBXFrameworksBuildPhase;
			buildActionMask = 2147483647;
			files = (
				A0E0F68B2848D2B40029DDBF /* SubVTData in Frameworks */,
			);
			runOnlyForDeploymentPostprocessing = 0;
		};
		A0BF90A32848C1EC0053389A /* Frameworks */ = {
			isa = PBXFrameworksBuildPhase;
			buildActionMask = 2147483647;
			files = (
			);
			runOnlyForDeploymentPostprocessing = 0;
		};
		A0BF90AD2848C1EC0053389A /* Frameworks */ = {
			isa = PBXFrameworksBuildPhase;
			buildActionMask = 2147483647;
			files = (
			);
			runOnlyForDeploymentPostprocessing = 0;
		};
/* End PBXFrameworksBuildPhase section */

/* Begin PBXGroup section */
		A0128A43284A09C6000C2307 /* Persistence */ = {
			isa = PBXGroup;
			children = (
				A0BF909D2848C1EC0053389A /* Persistence.swift */,
			);
			path = Persistence;
			sourceTree = "<group>";
		};
		A0128A44284A0A14000C2307 /* Config */ = {
			isa = PBXGroup;
			children = (
				A0BF90C32848C2140053389A /* SubVT.entitlements */,
				A0128A45284A0A32000C2307 /* data-env-example.json */,
				A0E0F68C2848E8B60029DDBF /* data-env.json */,
				A0E0F6832848CD9B0029DDBF /* Info.plist */,
			);
			path = Config;
			sourceTree = "<group>";
		};
		A0128A48284A0B46000C2307 /* App */ = {
			isa = PBXGroup;
			children = (
				A0BF90942848C1EB0053389A /* SubVTApp.swift */,
			);
			path = App;
			sourceTree = "<group>";
		};
		A0128A49284A0B50000C2307 /* View */ = {
			isa = PBXGroup;
			children = (
				A0BF90962848C1EB0053389A /* ContentView.swift */,
				A0128A53284A1855000C2307 /* Onboarding */,
				A0A1DC60284B990B00914237 /* BgMorphView.swift */,
			);
			path = View;
			sourceTree = "<group>";
		};
		A0128A4A284A1189000C2307 /* Util */ = {
			isa = PBXGroup;
			children = (
				A0E0F6862848CF120029DDBF /* Font.swift */,
			);
			path = Util;
			sourceTree = "<group>";
		};
		A0128A4B284A1278000C2307 /* State */ = {
			isa = PBXGroup;
			children = (
				A0128A4C284A1297000C2307 /* Settings.swift */,
			);
			path = State;
			sourceTree = "<group>";
		};
		A0128A53284A1855000C2307 /* Onboarding */ = {
			isa = PBXGroup;
			children = (
				A0128A50284A150C000C2307 /* OnboardingView.swift */,
				A0128A54284A19C5000C2307 /* OnboardingPage1View.swift */,
				A0128A57284A1A12000C2307 /* OnboardingPage2View.swift */,
				A0128A5A284A1A1D000C2307 /* OnboardingPage3View.swift */,
				A0128A5D284A1A28000C2307 /* OnboardingPage4View.swift */,
			);
			path = Onboarding;
			sourceTree = "<group>";
		};
		A0128A60284A3BB8000C2307 /* Config */ = {
			isa = PBXGroup;
			children = (
				A0128A61284A3BCC000C2307 /* UI.swift */,
				A0A1DC5D284B8E5300914237 /* UI+Color.swift */,
				A0A1DC53284B8DD200914237 /* UI+Dimension.swift */,
				A0A1DC56284B8E0000914237 /* UI+Font.swift */,
				A0A1DC5A284B8E2B00914237 /* UI+Image.swift */,
			);
			path = Config;
			sourceTree = "<group>";
		};
		A0128A6B284A4E9D000C2307 /* Extension */ = {
			isa = PBXGroup;
			children = (
				A0128A6C284A4EAE000C2307 /* Color.swift */,
			);
			path = Extension;
			sourceTree = "<group>";
		};
		A0BF90882848C1EB0053389A = {
			isa = PBXGroup;
			children = (
				A0BF90932848C1EB0053389A /* SubVT */,
				A0BF90A92848C1EC0053389A /* SubVTTests */,
				A0BF90B32848C1EC0053389A /* SubVTUITests */,
				A0BF90922848C1EB0053389A /* Products */,
			);
			sourceTree = "<group>";
		};
		A0BF90922848C1EB0053389A /* Products */ = {
			isa = PBXGroup;
			children = (
				A0BF90912848C1EB0053389A /* SubVT.app */,
				A0BF90A62848C1EC0053389A /* SubVTTests.xctest */,
				A0BF90B02848C1EC0053389A /* SubVTUITests.xctest */,
			);
			name = Products;
			sourceTree = "<group>";
		};
		A0BF90932848C1EB0053389A /* SubVT */ = {
			isa = PBXGroup;
			children = (
				A0E0F6842848CED00029DDBF /* Classes */,
				A0BF909A2848C1EC0053389A /* Preview Content */,
				A0E0F6662848CD000029DDBF /* Resources */,
			);
			path = SubVT;
			sourceTree = "<group>";
		};
		A0BF909A2848C1EC0053389A /* Preview Content */ = {
			isa = PBXGroup;
			children = (
				A0BF909B2848C1EC0053389A /* Preview Assets.xcassets */,
			);
			path = "Preview Content";
			sourceTree = "<group>";
		};
		A0BF90A92848C1EC0053389A /* SubVTTests */ = {
			isa = PBXGroup;
			children = (
				A0BF90AA2848C1EC0053389A /* SubVTTests.swift */,
			);
			path = SubVTTests;
			sourceTree = "<group>";
		};
		A0BF90B32848C1EC0053389A /* SubVTUITests */ = {
			isa = PBXGroup;
			children = (
				A0BF90B42848C1EC0053389A /* SubVTUITests.swift */,
				A0BF90B62848C1EC0053389A /* SubVTUITestsLaunchTests.swift */,
			);
			path = SubVTUITests;
			sourceTree = "<group>";
		};
		A0E0F6662848CD000029DDBF /* Resources */ = {
			isa = PBXGroup;
			children = (
				A0BF90982848C1EC0053389A /* Assets.xcassets */,
				A0128A44284A0A14000C2307 /* Config */,
				A0E0F6672848CD0A0029DDBF /* Fonts */,
				A0BF909F2848C1EC0053389A /* SubVT.xcdatamodeld */,
				A0128A6A284A47AD000C2307 /* Localizable.strings */,
			);
			path = Resources;
			sourceTree = "<group>";
		};
		A0E0F6672848CD0A0029DDBF /* Fonts */ = {
			isa = PBXGroup;
			children = (
				A0E0F66D2848CD1C0029DDBF /* LexendDeca-Black.ttf */,
				A0E0F66B2848CD1C0029DDBF /* LexendDeca-Bold.ttf */,
				A0E0F66E2848CD1C0029DDBF /* LexendDeca-ExtraBold.ttf */,
				A0E0F6702848CD1C0029DDBF /* LexendDeca-ExtraLight.ttf */,
				A0E0F6692848CD1C0029DDBF /* LexendDeca-Light.ttf */,
				A0E0F66C2848CD1C0029DDBF /* LexendDeca-Medium.ttf */,
				A0E0F66A2848CD1C0029DDBF /* LexendDeca-Regular.ttf */,
				A0E0F6682848CD1C0029DDBF /* LexendDeca-SemiBold.ttf */,
				A0E0F66F2848CD1C0029DDBF /* LexendDeca-Thin.ttf */,
			);
			path = Fonts;
			sourceTree = "<group>";
		};
		A0E0F6842848CED00029DDBF /* Classes */ = {
			isa = PBXGroup;
			children = (
				A0128A48284A0B46000C2307 /* App */,
				A0128A43284A09C6000C2307 /* Persistence */,
				A0128A4B284A1278000C2307 /* State */,
				A0E0F6852848CEDD0029DDBF /* UI */,
			);
			path = Classes;
			sourceTree = "<group>";
		};
		A0E0F6852848CEDD0029DDBF /* UI */ = {
			isa = PBXGroup;
			children = (
				A0128A6B284A4E9D000C2307 /* Extension */,
				A0128A60284A3BB8000C2307 /* Config */,
				A0128A4A284A1189000C2307 /* Util */,
				A0128A49284A0B50000C2307 /* View */,
			);
			path = UI;
			sourceTree = "<group>";
		};
/* End PBXGroup section */

/* Begin PBXNativeTarget section */
		A0BF90902848C1EB0053389A /* SubVT */ = {
			isa = PBXNativeTarget;
			buildConfigurationList = A0BF90BA2848C1EC0053389A /* Build configuration list for PBXNativeTarget "SubVT" */;
			buildPhases = (
				A0BF908D2848C1EB0053389A /* Sources */,
				A0BF908E2848C1EB0053389A /* Frameworks */,
				A0BF908F2848C1EB0053389A /* Resources */,
			);
			buildRules = (
			);
			dependencies = (
			);
			name = SubVT;
			packageProductDependencies = (
				A0E0F68A2848D2B40029DDBF /* SubVTData */,
			);
			productName = SubVT;
			productReference = A0BF90912848C1EB0053389A /* SubVT.app */;
			productType = "com.apple.product-type.application";
		};
		A0BF90A52848C1EC0053389A /* SubVTTests */ = {
			isa = PBXNativeTarget;
			buildConfigurationList = A0BF90BD2848C1EC0053389A /* Build configuration list for PBXNativeTarget "SubVTTests" */;
			buildPhases = (
				A0BF90A22848C1EC0053389A /* Sources */,
				A0BF90A32848C1EC0053389A /* Frameworks */,
				A0BF90A42848C1EC0053389A /* Resources */,
			);
			buildRules = (
			);
			dependencies = (
				A0BF90A82848C1EC0053389A /* PBXTargetDependency */,
			);
			name = SubVTTests;
			productName = SubVTTests;
			productReference = A0BF90A62848C1EC0053389A /* SubVTTests.xctest */;
			productType = "com.apple.product-type.bundle.unit-test";
		};
		A0BF90AF2848C1EC0053389A /* SubVTUITests */ = {
			isa = PBXNativeTarget;
			buildConfigurationList = A0BF90C02848C1EC0053389A /* Build configuration list for PBXNativeTarget "SubVTUITests" */;
			buildPhases = (
				A0BF90AC2848C1EC0053389A /* Sources */,
				A0BF90AD2848C1EC0053389A /* Frameworks */,
				A0BF90AE2848C1EC0053389A /* Resources */,
			);
			buildRules = (
			);
			dependencies = (
				A0BF90B22848C1EC0053389A /* PBXTargetDependency */,
			);
			name = SubVTUITests;
			productName = SubVTUITests;
			productReference = A0BF90B02848C1EC0053389A /* SubVTUITests.xctest */;
			productType = "com.apple.product-type.bundle.ui-testing";
		};
/* End PBXNativeTarget section */

/* Begin PBXProject section */
		A0BF90892848C1EB0053389A /* Project object */ = {
			isa = PBXProject;
			attributes = {
				BuildIndependentTargetsInParallel = 1;
				LastSwiftUpdateCheck = 1340;
				LastUpgradeCheck = 1340;
				TargetAttributes = {
					A0BF90902848C1EB0053389A = {
						CreatedOnToolsVersion = 13.4;
					};
					A0BF90A52848C1EC0053389A = {
						CreatedOnToolsVersion = 13.4;
						TestTargetID = A0BF90902848C1EB0053389A;
					};
					A0BF90AF2848C1EC0053389A = {
						CreatedOnToolsVersion = 13.4;
						TestTargetID = A0BF90902848C1EB0053389A;
					};
				};
			};
			buildConfigurationList = A0BF908C2848C1EB0053389A /* Build configuration list for PBXProject "SubVT" */;
			compatibilityVersion = "Xcode 13.0";
			developmentRegion = en;
			hasScannedForEncodings = 0;
			knownRegions = (
				en,
				Base,
			);
			mainGroup = A0BF90882848C1EB0053389A;
			packageReferences = (
				A0E0F6892848D2B40029DDBF /* XCRemoteSwiftPackageReference "subvt-data-swift" */,
			);
			productRefGroup = A0BF90922848C1EB0053389A /* Products */;
			projectDirPath = "";
			projectRoot = "";
			targets = (
				A0BF90902848C1EB0053389A /* SubVT */,
				A0BF90A52848C1EC0053389A /* SubVTTests */,
				A0BF90AF2848C1EC0053389A /* SubVTUITests */,
			);
		};
/* End PBXProject section */

/* Begin PBXResourcesBuildPhase section */
		A0BF908F2848C1EB0053389A /* Resources */ = {
			isa = PBXResourcesBuildPhase;
			buildActionMask = 2147483647;
			files = (
				A0128A46284A0A32000C2307 /* data-env-example.json in Resources */,
				A0E0F6752848CD1C0029DDBF /* LexendDeca-Regular.ttf in Resources */,
				A0E0F67D2848CD1C0029DDBF /* LexendDeca-ExtraBold.ttf in Resources */,
				A0128A67284A47AD000C2307 /* Localizable.strings in Resources */,
				A0BF909C2848C1EC0053389A /* Preview Assets.xcassets in Resources */,
				A0E0F6812848CD1C0029DDBF /* LexendDeca-ExtraLight.ttf in Resources */,
				A0E0F6792848CD1C0029DDBF /* LexendDeca-Medium.ttf in Resources */,
				A0E0F68D2848E8B60029DDBF /* data-env.json in Resources */,
				A0E0F6772848CD1C0029DDBF /* LexendDeca-Bold.ttf in Resources */,
				A0BF90992848C1EC0053389A /* Assets.xcassets in Resources */,
				A0E0F67F2848CD1C0029DDBF /* LexendDeca-Thin.ttf in Resources */,
				A0E0F6732848CD1C0029DDBF /* LexendDeca-Light.ttf in Resources */,
				A0E0F6712848CD1C0029DDBF /* LexendDeca-SemiBold.ttf in Resources */,
				A0E0F67B2848CD1C0029DDBF /* LexendDeca-Black.ttf in Resources */,
			);
			runOnlyForDeploymentPostprocessing = 0;
		};
		A0BF90A42848C1EC0053389A /* Resources */ = {
			isa = PBXResourcesBuildPhase;
			buildActionMask = 2147483647;
			files = (
				A0E0F68E2848E8B60029DDBF /* data-env.json in Resources */,
			);
			runOnlyForDeploymentPostprocessing = 0;
		};
		A0BF90AE2848C1EC0053389A /* Resources */ = {
			isa = PBXResourcesBuildPhase;
			buildActionMask = 2147483647;
			files = (
				A0E0F6742848CD1C0029DDBF /* LexendDeca-Light.ttf in Resources */,
				A0E0F67A2848CD1C0029DDBF /* LexendDeca-Medium.ttf in Resources */,
				A0128A68284A47AD000C2307 /* Localizable.strings in Resources */,
				A0E0F67E2848CD1C0029DDBF /* LexendDeca-ExtraBold.ttf in Resources */,
				A0E0F68F2848E8B60029DDBF /* data-env.json in Resources */,
				A0E0F6762848CD1C0029DDBF /* LexendDeca-Regular.ttf in Resources */,
				A0E0F6802848CD1C0029DDBF /* LexendDeca-Thin.ttf in Resources */,
				A0E0F6782848CD1C0029DDBF /* LexendDeca-Bold.ttf in Resources */,
				A0E0F6722848CD1C0029DDBF /* LexendDeca-SemiBold.ttf in Resources */,
				A0E0F6822848CD1C0029DDBF /* LexendDeca-ExtraLight.ttf in Resources */,
				A0E0F67C2848CD1C0029DDBF /* LexendDeca-Black.ttf in Resources */,
			);
			runOnlyForDeploymentPostprocessing = 0;
		};
/* End PBXResourcesBuildPhase section */

/* Begin PBXSourcesBuildPhase section */
		A0BF908D2848C1EB0053389A /* Sources */ = {
			isa = PBXSourcesBuildPhase;
			buildActionMask = 2147483647;
			files = (
				A0128A55284A19C5000C2307 /* OnboardingPage1View.swift in Sources */,
				A0A1DC5B284B8E2B00914237 /* UI+Image.swift in Sources */,
				A0128A4D284A1297000C2307 /* Settings.swift in Sources */,
				A0128A5B284A1A1D000C2307 /* OnboardingPage3View.swift in Sources */,
				A0BF909E2848C1EC0053389A /* Persistence.swift in Sources */,
				A0128A6D284A4EAE000C2307 /* Color.swift in Sources */,
				A0A1DC57284B8E0000914237 /* UI+Font.swift in Sources */,
				A0128A5E284A1A28000C2307 /* OnboardingPage4View.swift in Sources */,
				A0A1DC5E284B8E5300914237 /* UI+Color.swift in Sources */,
				A0BF90972848C1EB0053389A /* ContentView.swift in Sources */,
				A0128A51284A150C000C2307 /* OnboardingView.swift in Sources */,
				A0128A58284A1A12000C2307 /* OnboardingPage2View.swift in Sources */,
				A0A1DC61284B990B00914237 /* BgMorphView.swift in Sources */,
				A0E0F6872848CF120029DDBF /* Font.swift in Sources */,
				A0A1DC54284B8DD200914237 /* UI+Dimension.swift in Sources */,
				A0128A62284A3BCC000C2307 /* UI.swift in Sources */,
				A0BF90A12848C1EC0053389A /* SubVT.xcdatamodeld in Sources */,
				A0BF90952848C1EB0053389A /* SubVTApp.swift in Sources */,
			);
			runOnlyForDeploymentPostprocessing = 0;
		};
		A0BF90A22848C1EC0053389A /* Sources */ = {
			isa = PBXSourcesBuildPhase;
			buildActionMask = 2147483647;
			files = (
				A0128A4E284A1297000C2307 /* Settings.swift in Sources */,
				A0BF90AB2848C1EC0053389A /* SubVTTests.swift in Sources */,
			);
			runOnlyForDeploymentPostprocessing = 0;
		};
		A0BF90AC2848C1EC0053389A /* Sources */ = {
			isa = PBXSourcesBuildPhase;
			buildActionMask = 2147483647;
			files = (
				A0BF90B52848C1EC0053389A /* SubVTUITests.swift in Sources */,
				A0128A63284A3BCC000C2307 /* UI.swift in Sources */,
				A0128A6E284A4EAE000C2307 /* Color.swift in Sources */,
				A0BF90B72848C1EC0053389A /* SubVTUITestsLaunchTests.swift in Sources */,
				A0A1DC5F284B8E5300914237 /* UI+Color.swift in Sources */,
				A0A1DC55284B8DD200914237 /* UI+Dimension.swift in Sources */,
				A0A1DC62284B990B00914237 /* BgMorphView.swift in Sources */,
				A0128A5C284A1A1D000C2307 /* OnboardingPage3View.swift in Sources */,
				A0128A56284A19C5000C2307 /* OnboardingPage1View.swift in Sources */,
				A0A1DC58284B8E0000914237 /* UI+Font.swift in Sources */,
				A0128A52284A150C000C2307 /* OnboardingView.swift in Sources */,
				A0128A4F284A1297000C2307 /* Settings.swift in Sources */,
				A0E0F6882848CF120029DDBF /* Font.swift in Sources */,
				A0A1DC5C284B8E2B00914237 /* UI+Image.swift in Sources */,
				A0128A59284A1A12000C2307 /* OnboardingPage2View.swift in Sources */,
				A0128A5F284A1A28000C2307 /* OnboardingPage4View.swift in Sources */,
			);
			runOnlyForDeploymentPostprocessing = 0;
		};
/* End PBXSourcesBuildPhase section */

/* Begin PBXTargetDependency section */
		A0BF90A82848C1EC0053389A /* PBXTargetDependency */ = {
			isa = PBXTargetDependency;
			target = A0BF90902848C1EB0053389A /* SubVT */;
			targetProxy = A0BF90A72848C1EC0053389A /* PBXContainerItemProxy */;
		};
		A0BF90B22848C1EC0053389A /* PBXTargetDependency */ = {
			isa = PBXTargetDependency;
			target = A0BF90902848C1EB0053389A /* SubVT */;
			targetProxy = A0BF90B12848C1EC0053389A /* PBXContainerItemProxy */;
		};
/* End PBXTargetDependency section */

/* Begin PBXVariantGroup section */
		A0128A6A284A47AD000C2307 /* Localizable.strings */ = {
			isa = PBXVariantGroup;
			children = (
				A0128A69284A47AD000C2307 /* en */,
			);
			name = Localizable.strings;
			sourceTree = "<group>";
		};
/* End PBXVariantGroup section */

/* Begin XCBuildConfiguration section */
		A0BF90B82848C1EC0053389A /* Debug */ = {
			isa = XCBuildConfiguration;
			buildSettings = {
				ALWAYS_SEARCH_USER_PATHS = NO;
				CLANG_ANALYZER_NONNULL = YES;
				CLANG_ANALYZER_NUMBER_OBJECT_CONVERSION = YES_AGGRESSIVE;
				CLANG_CXX_LANGUAGE_STANDARD = "gnu++17";
				CLANG_ENABLE_MODULES = YES;
				CLANG_ENABLE_OBJC_ARC = YES;
				CLANG_ENABLE_OBJC_WEAK = YES;
				CLANG_WARN_BLOCK_CAPTURE_AUTORELEASING = YES;
				CLANG_WARN_BOOL_CONVERSION = YES;
				CLANG_WARN_COMMA = YES;
				CLANG_WARN_CONSTANT_CONVERSION = YES;
				CLANG_WARN_DEPRECATED_OBJC_IMPLEMENTATIONS = YES;
				CLANG_WARN_DIRECT_OBJC_ISA_USAGE = YES_ERROR;
				CLANG_WARN_DOCUMENTATION_COMMENTS = YES;
				CLANG_WARN_EMPTY_BODY = YES;
				CLANG_WARN_ENUM_CONVERSION = YES;
				CLANG_WARN_INFINITE_RECURSION = YES;
				CLANG_WARN_INT_CONVERSION = YES;
				CLANG_WARN_NON_LITERAL_NULL_CONVERSION = YES;
				CLANG_WARN_OBJC_IMPLICIT_RETAIN_SELF = YES;
				CLANG_WARN_OBJC_LITERAL_CONVERSION = YES;
				CLANG_WARN_OBJC_ROOT_CLASS = YES_ERROR;
				CLANG_WARN_QUOTED_INCLUDE_IN_FRAMEWORK_HEADER = YES;
				CLANG_WARN_RANGE_LOOP_ANALYSIS = YES;
				CLANG_WARN_STRICT_PROTOTYPES = YES;
				CLANG_WARN_SUSPICIOUS_MOVE = YES;
				CLANG_WARN_UNGUARDED_AVAILABILITY = YES_AGGRESSIVE;
				CLANG_WARN_UNREACHABLE_CODE = YES;
				CLANG_WARN__DUPLICATE_METHOD_MATCH = YES;
				COPY_PHASE_STRIP = NO;
				DEBUG_INFORMATION_FORMAT = dwarf;
				ENABLE_STRICT_OBJC_MSGSEND = YES;
				ENABLE_TESTABILITY = YES;
				GCC_C_LANGUAGE_STANDARD = gnu11;
				GCC_DYNAMIC_NO_PIC = NO;
				GCC_NO_COMMON_BLOCKS = YES;
				GCC_OPTIMIZATION_LEVEL = 0;
				GCC_PREPROCESSOR_DEFINITIONS = (
					"DEBUG=1",
					"$(inherited)",
				);
				GCC_WARN_64_TO_32_BIT_CONVERSION = YES;
				GCC_WARN_ABOUT_RETURN_TYPE = YES_ERROR;
				GCC_WARN_UNDECLARED_SELECTOR = YES;
				GCC_WARN_UNINITIALIZED_AUTOS = YES_AGGRESSIVE;
				GCC_WARN_UNUSED_FUNCTION = YES;
				GCC_WARN_UNUSED_VARIABLE = YES;
				IPHONEOS_DEPLOYMENT_TARGET = 14.0;
				MTL_ENABLE_DEBUG_INFO = INCLUDE_SOURCE;
				MTL_FAST_MATH = YES;
				ONLY_ACTIVE_ARCH = YES;
				SDKROOT = iphoneos;
				SWIFT_ACTIVE_COMPILATION_CONDITIONS = DEBUG;
				SWIFT_OPTIMIZATION_LEVEL = "-Onone";
			};
			name = Debug;
		};
		A0BF90B92848C1EC0053389A /* Release */ = {
			isa = XCBuildConfiguration;
			buildSettings = {
				ALWAYS_SEARCH_USER_PATHS = NO;
				CLANG_ANALYZER_NONNULL = YES;
				CLANG_ANALYZER_NUMBER_OBJECT_CONVERSION = YES_AGGRESSIVE;
				CLANG_CXX_LANGUAGE_STANDARD = "gnu++17";
				CLANG_ENABLE_MODULES = YES;
				CLANG_ENABLE_OBJC_ARC = YES;
				CLANG_ENABLE_OBJC_WEAK = YES;
				CLANG_WARN_BLOCK_CAPTURE_AUTORELEASING = YES;
				CLANG_WARN_BOOL_CONVERSION = YES;
				CLANG_WARN_COMMA = YES;
				CLANG_WARN_CONSTANT_CONVERSION = YES;
				CLANG_WARN_DEPRECATED_OBJC_IMPLEMENTATIONS = YES;
				CLANG_WARN_DIRECT_OBJC_ISA_USAGE = YES_ERROR;
				CLANG_WARN_DOCUMENTATION_COMMENTS = YES;
				CLANG_WARN_EMPTY_BODY = YES;
				CLANG_WARN_ENUM_CONVERSION = YES;
				CLANG_WARN_INFINITE_RECURSION = YES;
				CLANG_WARN_INT_CONVERSION = YES;
				CLANG_WARN_NON_LITERAL_NULL_CONVERSION = YES;
				CLANG_WARN_OBJC_IMPLICIT_RETAIN_SELF = YES;
				CLANG_WARN_OBJC_LITERAL_CONVERSION = YES;
				CLANG_WARN_OBJC_ROOT_CLASS = YES_ERROR;
				CLANG_WARN_QUOTED_INCLUDE_IN_FRAMEWORK_HEADER = YES;
				CLANG_WARN_RANGE_LOOP_ANALYSIS = YES;
				CLANG_WARN_STRICT_PROTOTYPES = YES;
				CLANG_WARN_SUSPICIOUS_MOVE = YES;
				CLANG_WARN_UNGUARDED_AVAILABILITY = YES_AGGRESSIVE;
				CLANG_WARN_UNREACHABLE_CODE = YES;
				CLANG_WARN__DUPLICATE_METHOD_MATCH = YES;
				COPY_PHASE_STRIP = NO;
				DEBUG_INFORMATION_FORMAT = "dwarf-with-dsym";
				ENABLE_NS_ASSERTIONS = NO;
				ENABLE_STRICT_OBJC_MSGSEND = YES;
				GCC_C_LANGUAGE_STANDARD = gnu11;
				GCC_NO_COMMON_BLOCKS = YES;
				GCC_WARN_64_TO_32_BIT_CONVERSION = YES;
				GCC_WARN_ABOUT_RETURN_TYPE = YES_ERROR;
				GCC_WARN_UNDECLARED_SELECTOR = YES;
				GCC_WARN_UNINITIALIZED_AUTOS = YES_AGGRESSIVE;
				GCC_WARN_UNUSED_FUNCTION = YES;
				GCC_WARN_UNUSED_VARIABLE = YES;
				IPHONEOS_DEPLOYMENT_TARGET = 14.0;
				MTL_ENABLE_DEBUG_INFO = NO;
				MTL_FAST_MATH = YES;
				SDKROOT = iphoneos;
				SWIFT_COMPILATION_MODE = wholemodule;
				SWIFT_OPTIMIZATION_LEVEL = "-O";
				VALIDATE_PRODUCT = YES;
			};
			name = Release;
		};
		A0BF90BB2848C1EC0053389A /* Debug */ = {
			isa = XCBuildConfiguration;
			buildSettings = {
				ASSETCATALOG_COMPILER_APPICON_NAME = AppIcon;
				ASSETCATALOG_COMPILER_GLOBAL_ACCENT_COLOR_NAME = AccentColor;
				CODE_SIGN_ENTITLEMENTS = SubVT/Resources/Config/SubVT.entitlements;
				CODE_SIGN_STYLE = Automatic;
				CURRENT_PROJECT_VERSION = 1;
				DEVELOPMENT_ASSET_PATHS = "\"SubVT/Preview Content\"";
				DEVELOPMENT_TEAM = TM389H3UFR;
				ENABLE_PREVIEWS = YES;
				GENERATE_INFOPLIST_FILE = YES;
				INFOPLIST_FILE = SubVT/Resources/Config/Info.plist;
				INFOPLIST_KEY_UIApplicationSceneManifest_Generation = YES;
				INFOPLIST_KEY_UIApplicationSupportsIndirectInputEvents = YES;
				INFOPLIST_KEY_UILaunchScreen_Generation = YES;
				INFOPLIST_KEY_UISupportedInterfaceOrientations_iPad = "UIInterfaceOrientationPortrait UIInterfaceOrientationPortraitUpsideDown UIInterfaceOrientationLandscapeLeft UIInterfaceOrientationLandscapeRight";
				INFOPLIST_KEY_UISupportedInterfaceOrientations_iPhone = "UIInterfaceOrientationPortrait UIInterfaceOrientationLandscapeLeft UIInterfaceOrientationLandscapeRight";
				IPHONEOS_DEPLOYMENT_TARGET = 14.0;
				LD_RUNPATH_SEARCH_PATHS = (
					"$(inherited)",
					"@executable_path/Frameworks",
				);
				MARKETING_VERSION = 0.1.0;
				PRODUCT_BUNDLE_IDENTIFIER = io.helikon.subvt;
				PRODUCT_NAME = "$(TARGET_NAME)";
				SUPPORTS_MACCATALYST = NO;
				SWIFT_EMIT_LOC_STRINGS = YES;
				SWIFT_VERSION = 5.0;
				TARGETED_DEVICE_FAMILY = "1,2";
			};
			name = Debug;
		};
		A0BF90BC2848C1EC0053389A /* Release */ = {
			isa = XCBuildConfiguration;
			buildSettings = {
				ASSETCATALOG_COMPILER_APPICON_NAME = AppIcon;
				ASSETCATALOG_COMPILER_GLOBAL_ACCENT_COLOR_NAME = AccentColor;
				CODE_SIGN_ENTITLEMENTS = SubVT/Resources/Config/SubVT.entitlements;
				CODE_SIGN_STYLE = Automatic;
				CURRENT_PROJECT_VERSION = 1;
				DEVELOPMENT_ASSET_PATHS = "\"SubVT/Preview Content\"";
				DEVELOPMENT_TEAM = TM389H3UFR;
				ENABLE_PREVIEWS = YES;
				GENERATE_INFOPLIST_FILE = YES;
				INFOPLIST_FILE = SubVT/Resources/Config/Info.plist;
				INFOPLIST_KEY_UIApplicationSceneManifest_Generation = YES;
				INFOPLIST_KEY_UIApplicationSupportsIndirectInputEvents = YES;
				INFOPLIST_KEY_UILaunchScreen_Generation = YES;
				INFOPLIST_KEY_UISupportedInterfaceOrientations_iPad = "UIInterfaceOrientationPortrait UIInterfaceOrientationPortraitUpsideDown UIInterfaceOrientationLandscapeLeft UIInterfaceOrientationLandscapeRight";
				INFOPLIST_KEY_UISupportedInterfaceOrientations_iPhone = "UIInterfaceOrientationPortrait UIInterfaceOrientationLandscapeLeft UIInterfaceOrientationLandscapeRight";
				IPHONEOS_DEPLOYMENT_TARGET = 14.0;
				LD_RUNPATH_SEARCH_PATHS = (
					"$(inherited)",
					"@executable_path/Frameworks",
				);
				MARKETING_VERSION = 0.1.0;
				PRODUCT_BUNDLE_IDENTIFIER = io.helikon.subvt;
				PRODUCT_NAME = "$(TARGET_NAME)";
				SUPPORTS_MACCATALYST = NO;
				SWIFT_EMIT_LOC_STRINGS = YES;
				SWIFT_VERSION = 5.0;
				TARGETED_DEVICE_FAMILY = "1,2";
			};
			name = Release;
		};
		A0BF90BE2848C1EC0053389A /* Debug */ = {
			isa = XCBuildConfiguration;
			buildSettings = {
				ALWAYS_EMBED_SWIFT_STANDARD_LIBRARIES = YES;
				BUNDLE_LOADER = "$(TEST_HOST)";
				CODE_SIGN_STYLE = Automatic;
				CURRENT_PROJECT_VERSION = 1;
				DEVELOPMENT_TEAM = TM389H3UFR;
				GENERATE_INFOPLIST_FILE = YES;
				IPHONEOS_DEPLOYMENT_TARGET = 15.5;
				MARKETING_VERSION = 1.0;
				PRODUCT_BUNDLE_IDENTIFIER = io.helikon.SubVTTests;
				PRODUCT_NAME = "$(TARGET_NAME)";
				SWIFT_EMIT_LOC_STRINGS = NO;
				SWIFT_VERSION = 5.0;
				TARGETED_DEVICE_FAMILY = "1,2";
				TEST_HOST = "$(BUILT_PRODUCTS_DIR)/SubVT.app/SubVT";
			};
			name = Debug;
		};
		A0BF90BF2848C1EC0053389A /* Release */ = {
			isa = XCBuildConfiguration;
			buildSettings = {
				ALWAYS_EMBED_SWIFT_STANDARD_LIBRARIES = YES;
				BUNDLE_LOADER = "$(TEST_HOST)";
				CODE_SIGN_STYLE = Automatic;
				CURRENT_PROJECT_VERSION = 1;
				DEVELOPMENT_TEAM = TM389H3UFR;
				GENERATE_INFOPLIST_FILE = YES;
				IPHONEOS_DEPLOYMENT_TARGET = 15.5;
				MARKETING_VERSION = 1.0;
				PRODUCT_BUNDLE_IDENTIFIER = io.helikon.SubVTTests;
				PRODUCT_NAME = "$(TARGET_NAME)";
				SWIFT_EMIT_LOC_STRINGS = NO;
				SWIFT_VERSION = 5.0;
				TARGETED_DEVICE_FAMILY = "1,2";
				TEST_HOST = "$(BUILT_PRODUCTS_DIR)/SubVT.app/SubVT";
			};
			name = Release;
		};
		A0BF90C12848C1EC0053389A /* Debug */ = {
			isa = XCBuildConfiguration;
			buildSettings = {
				ALWAYS_EMBED_SWIFT_STANDARD_LIBRARIES = YES;
				CODE_SIGN_STYLE = Automatic;
				CURRENT_PROJECT_VERSION = 1;
				DEVELOPMENT_TEAM = TM389H3UFR;
				GENERATE_INFOPLIST_FILE = YES;
				MARKETING_VERSION = 1.0;
				PRODUCT_BUNDLE_IDENTIFIER = io.helikon.SubVTUITests;
				PRODUCT_NAME = "$(TARGET_NAME)";
				SWIFT_EMIT_LOC_STRINGS = NO;
				SWIFT_VERSION = 5.0;
				TARGETED_DEVICE_FAMILY = "1,2";
				TEST_TARGET_NAME = SubVT;
			};
			name = Debug;
		};
		A0BF90C22848C1EC0053389A /* Release */ = {
			isa = XCBuildConfiguration;
			buildSettings = {
				ALWAYS_EMBED_SWIFT_STANDARD_LIBRARIES = YES;
				CODE_SIGN_STYLE = Automatic;
				CURRENT_PROJECT_VERSION = 1;
				DEVELOPMENT_TEAM = TM389H3UFR;
				GENERATE_INFOPLIST_FILE = YES;
				MARKETING_VERSION = 1.0;
				PRODUCT_BUNDLE_IDENTIFIER = io.helikon.SubVTUITests;
				PRODUCT_NAME = "$(TARGET_NAME)";
				SWIFT_EMIT_LOC_STRINGS = NO;
				SWIFT_VERSION = 5.0;
				TARGETED_DEVICE_FAMILY = "1,2";
				TEST_TARGET_NAME = SubVT;
			};
			name = Release;
		};
/* End XCBuildConfiguration section */

/* Begin XCConfigurationList section */
		A0BF908C2848C1EB0053389A /* Build configuration list for PBXProject "SubVT" */ = {
			isa = XCConfigurationList;
			buildConfigurations = (
				A0BF90B82848C1EC0053389A /* Debug */,
				A0BF90B92848C1EC0053389A /* Release */,
			);
			defaultConfigurationIsVisible = 0;
			defaultConfigurationName = Release;
		};
		A0BF90BA2848C1EC0053389A /* Build configuration list for PBXNativeTarget "SubVT" */ = {
			isa = XCConfigurationList;
			buildConfigurations = (
				A0BF90BB2848C1EC0053389A /* Debug */,
				A0BF90BC2848C1EC0053389A /* Release */,
			);
			defaultConfigurationIsVisible = 0;
			defaultConfigurationName = Release;
		};
		A0BF90BD2848C1EC0053389A /* Build configuration list for PBXNativeTarget "SubVTTests" */ = {
			isa = XCConfigurationList;
			buildConfigurations = (
				A0BF90BE2848C1EC0053389A /* Debug */,
				A0BF90BF2848C1EC0053389A /* Release */,
			);
			defaultConfigurationIsVisible = 0;
			defaultConfigurationName = Release;
		};
		A0BF90C02848C1EC0053389A /* Build configuration list for PBXNativeTarget "SubVTUITests" */ = {
			isa = XCConfigurationList;
			buildConfigurations = (
				A0BF90C12848C1EC0053389A /* Debug */,
				A0BF90C22848C1EC0053389A /* Release */,
			);
			defaultConfigurationIsVisible = 0;
			defaultConfigurationName = Release;
		};
/* End XCConfigurationList section */

/* Begin XCRemoteSwiftPackageReference section */
		A0E0F6892848D2B40029DDBF /* XCRemoteSwiftPackageReference "subvt-data-swift" */ = {
			isa = XCRemoteSwiftPackageReference;
			repositoryURL = "https://github.com/helikon-labs/subvt-data-swift.git";
			requirement = {
				kind = upToNextMinorVersion;
				minimumVersion = 0.2.5;
			};
		};
/* End XCRemoteSwiftPackageReference section */

/* Begin XCSwiftPackageProductDependency section */
		A0E0F68A2848D2B40029DDBF /* SubVTData */ = {
			isa = XCSwiftPackageProductDependency;
			package = A0E0F6892848D2B40029DDBF /* XCRemoteSwiftPackageReference "subvt-data-swift" */;
			productName = SubVTData;
		};
/* End XCSwiftPackageProductDependency section */

/* Begin XCVersionGroup section */
		A0BF909F2848C1EC0053389A /* SubVT.xcdatamodeld */ = {
			isa = XCVersionGroup;
			children = (
				A0BF90A02848C1EC0053389A /* SubVT.xcdatamodel */,
			);
			currentVersion = A0BF90A02848C1EC0053389A /* SubVT.xcdatamodel */;
			path = SubVT.xcdatamodeld;
			sourceTree = "<group>";
			versionGroupType = wrapper.xcdatamodel;
		};
/* End XCVersionGroup section */
	};
	rootObject = A0BF90892848C1EB0053389A /* Project object */;
}
